
Microsoft Visual Studio Solution File, Format Version 12.00
# Visual Studio Version 16
VisualStudioVersion = 16.0.31025.194
MinimumVisualStudioVersion = 10.0.40219.1
Project("{FAE04EC0-301F-11D3-BF4B-00C04F79EFBC}") = "ServerReservasi-072", "ServerReservasi-072\ServerReservasi-072.csproj", "{2B888009-7F92-40EE-A67D-BC11346676CB}"
EndProject
Global
	GlobalSection(SolutionConfigurationPlatforms) = preSolution
		Debug|Any CPU = Debug|Any CPU
		Release|Any CPU = Release|Any CPU
	EndGlobalSection
	GlobalSection(ProjectConfigurationPlatforms) = postSolution
		{2B888009-7F92-40EE-A67D-BC11346676CB}.Debug|Any CPU.ActiveCfg = Debug|Any CPU
		{2B888009-7F92-40EE-A67D-BC11346676CB}.Debug|Any CPU.Build.0 = Debug|Any CPU
		{2B888009-7F92-40EE-A67D-BC11346676CB}.Release|Any CPU.ActiveCfg = Release|Any CPU
		{2B888009-7F92-40EE-A67D-BC11346676CB}.Release|Any CPU.Build.0 = Release|Any CPU
	EndGlobalSection
	GlobalSection(SolutionProperties) = preSolution
		HideSolutionNode = FALSE
	EndGlobalSection
	GlobalSection(ExtensibilityGlobals) = postSolution
		SolutionGuid = {B6B25416-DCF3-4F0B-8C44-B0C58A2E2C48}
	EndGlobalSection
EndGlobal
